
Microsoft Visual Studio Solution File, Format Version 12.00
# Visual Studio 15
VisualStudioVersion = 15.0.27703.2047
MinimumVisualStudioVersion = 10.0.40219.1
Project("{FAE04EC0-301F-11D3-BF4B-00C04F79EFBC}") = "FluidLib", "Multiplayer Game Library\FluidLib.csproj", "{C04D667E-5257-4EC2-8FF0-54F7D84C7381}"
EndProject
Project("{FAE04EC0-301F-11D3-BF4B-00C04F79EFBC}") = "Test", "Test\Test.csproj", "{4AB740ED-466F-4EA2-9CAA-5421420B23CA}"
EndProject
Global
	GlobalSection(SolutionConfigurationPlatforms) = preSolution
		Debug|Any CPU = Debug|Any CPU
		Release|Any CPU = Release|Any CPU
	EndGlobalSection
	GlobalSection(ProjectConfigurationPlatforms) = postSolution
		{C04D667E-5257-4EC2-8FF0-54F7D84C7381}.Debug|Any CPU.ActiveCfg = Debug|Any CPU
		{C04D667E-5257-4EC2-8FF0-54F7D84C7381}.Debug|Any CPU.Build.0 = Debug|Any CPU
		{C04D667E-5257-4EC2-8FF0-54F7D84C7381}.Release|Any CPU.ActiveCfg = Release|Any CPU
		{C04D667E-5257-4EC2-8FF0-54F7D84C7381}.Release|Any CPU.Build.0 = Release|Any CPU
		{4AB740ED-466F-4EA2-9CAA-5421420B23CA}.Debug|Any CPU.ActiveCfg = Debug|Any CPU
		{4AB740ED-466F-4EA2-9CAA-5421420B23CA}.Debug|Any CPU.Build.0 = Debug|Any CPU
		{4AB740ED-466F-4EA2-9CAA-5421420B23CA}.Release|Any CPU.ActiveCfg = Release|Any CPU
		{4AB740ED-466F-4EA2-9CAA-5421420B23CA}.Release|Any CPU.Build.0 = Release|Any CPU
	EndGlobalSection
	GlobalSection(SolutionProperties) = preSolution
		HideSolutionNode = FALSE
	EndGlobalSection
	GlobalSection(ExtensibilityGlobals) = postSolution
		SolutionGuid = {87A74640-D608-48DD-9CEA-5A431D6E30D5}
	EndGlobalSection
EndGlobal
